
Microsoft Visual Studio Solution File, Format Version 12.00
# Visual Studio Version 17
VisualStudioVersion = 17.7.34003.232
MinimumVisualStudioVersion = 10.0.40219.1
Project("{FAE04EC0-301F-11D3-BF4B-00C04F79EFBC}") = "InventoryManagementSystem.WebApp", "InventoryManagementSystem.WebApp\InventoryManagementSystem.WebApp.csproj", "{48990026-F5DF-49D4-B354-0AA3865754DB}"
EndProject
Global
	GlobalSection(SolutionConfigurationPlatforms) = preSolution
		Debug|Any CPU = Debug|Any CPU
		Release|Any CPU = Release|Any CPU
	EndGlobalSection
	GlobalSection(ProjectConfigurationPlatforms) = postSolution
		{48990026-F5DF-49D4-B354-0AA3865754DB}.Debug|Any CPU.ActiveCfg = Debug|Any CPU
		{48990026-F5DF-49D4-B354-0AA3865754DB}.Debug|Any CPU.Build.0 = Debug|Any CPU
		{48990026-F5DF-49D4-B354-0AA3865754DB}.Release|Any CPU.ActiveCfg = Release|Any CPU
		{48990026-F5DF-49D4-B354-0AA3865754DB}.Release|Any CPU.Build.0 = Release|Any CPU
	EndGlobalSection
	GlobalSection(SolutionProperties) = preSolution
		HideSolutionNode = FALSE
	EndGlobalSection
	GlobalSection(ExtensibilityGlobals) = postSolution
		SolutionGuid = {B697C808-F93B-4531-8FC8-68F012227901}
	EndGlobalSection
EndGlobal
