
Microsoft Visual Studio Solution File, Format Version 12.00
# Visual Studio Version 17
VisualStudioVersion = 17.7.34003.232
MinimumVisualStudioVersion = 10.0.40219.1
Project("{FAE04EC0-301F-11D3-BF4B-00C04F79EFBC}") = "InventoryManagementSystem.WebApp", "InventoryManagementSystem.WebApp\InventoryManagementSystem.WebApp.csproj", "{48990026-F5DF-49D4-B354-0AA3865754DB}"
EndProject
Project("{FAE04EC0-301F-11D3-BF4B-00C04F79EFBC}") = "InventoryManagementSystem.UseCases", "InventoryManagementSystem.UseCases\InventoryManagementSystem.UseCases.csproj", "{EB79CA1D-B9A8-46BB-9F52-3FFEE02B5988}"
EndProject
Project("{2150E333-8FDC-42A3-9474-1A3956D46DE8}") = "InventoryManagementSystem.Plugins", "InventoryManagementSystem.Plugins", "{7B6F11DF-3E51-41E9-8A5D-ACFB827DA28E}"
EndProject
Global
	GlobalSection(SolutionConfigurationPlatforms) = preSolution
		Debug|Any CPU = Debug|Any CPU
		Release|Any CPU = Release|Any CPU
	EndGlobalSection
	GlobalSection(ProjectConfigurationPlatforms) = postSolution
		{48990026-F5DF-49D4-B354-0AA3865754DB}.Debug|Any CPU.ActiveCfg = Debug|Any CPU
		{48990026-F5DF-49D4-B354-0AA3865754DB}.Debug|Any CPU.Build.0 = Debug|Any CPU
		{48990026-F5DF-49D4-B354-0AA3865754DB}.Release|Any CPU.ActiveCfg = Release|Any CPU
		{48990026-F5DF-49D4-B354-0AA3865754DB}.Release|Any CPU.Build.0 = Release|Any CPU
		{EB79CA1D-B9A8-46BB-9F52-3FFEE02B5988}.Debug|Any CPU.ActiveCfg = Debug|Any CPU
		{EB79CA1D-B9A8-46BB-9F52-3FFEE02B5988}.Debug|Any CPU.Build.0 = Debug|Any CPU
		{EB79CA1D-B9A8-46BB-9F52-3FFEE02B5988}.Release|Any CPU.ActiveCfg = Release|Any CPU
		{EB79CA1D-B9A8-46BB-9F52-3FFEE02B5988}.Release|Any CPU.Build.0 = Release|Any CPU
	EndGlobalSection
	GlobalSection(SolutionProperties) = preSolution
		HideSolutionNode = FALSE
	EndGlobalSection
	GlobalSection(ExtensibilityGlobals) = postSolution
		SolutionGuid = {B697C808-F93B-4531-8FC8-68F012227901}
	EndGlobalSection
EndGlobal
